
Microsoft Visual Studio Solution File, Format Version 12.00
# Visual Studio Version 17
VisualStudioVersion = 17.0.32014.148
MinimumVisualStudioVersion = 10.0.40219.1
Project("{FAE04EC0-301F-11D3-BF4B-00C04F79EFBC}") = "PerfectHelp.Web", "PerfectHelp.Web\PerfectHelp.Web.csproj", "{52D8E4F1-9F29-44EA-A039-5196AFD17951}"
EndProject
Project("{FAE04EC0-301F-11D3-BF4B-00C04F79EFBC}") = "PerfectHelp.Data", "PerfectHelp.Data\PerfectHelp.Data.csproj", "{22846A4B-1805-4F2B-A8D8-5BAFFABD6FF8}"
EndProject
Project("{FAE04EC0-301F-11D3-BF4B-00C04F79EFBC}") = "PerfectData.Services", "PerfectData.Services\PerfectData.Services.csproj", "{3C73DCE7-F3F5-4CB7-BA0E-5F21E1D3B200}"
EndProject
Global
	GlobalSection(SolutionConfigurationPlatforms) = preSolution
		Debug|Any CPU = Debug|Any CPU
		Release|Any CPU = Release|Any CPU
	EndGlobalSection
	GlobalSection(ProjectConfigurationPlatforms) = postSolution
		{52D8E4F1-9F29-44EA-A039-5196AFD17951}.Debug|Any CPU.ActiveCfg = Debug|Any CPU
		{52D8E4F1-9F29-44EA-A039-5196AFD17951}.Debug|Any CPU.Build.0 = Debug|Any CPU
		{52D8E4F1-9F29-44EA-A039-5196AFD17951}.Release|Any CPU.ActiveCfg = Release|Any CPU
		{52D8E4F1-9F29-44EA-A039-5196AFD17951}.Release|Any CPU.Build.0 = Release|Any CPU
		{22846A4B-1805-4F2B-A8D8-5BAFFABD6FF8}.Debug|Any CPU.ActiveCfg = Debug|Any CPU
		{22846A4B-1805-4F2B-A8D8-5BAFFABD6FF8}.Debug|Any CPU.Build.0 = Debug|Any CPU
		{22846A4B-1805-4F2B-A8D8-5BAFFABD6FF8}.Release|Any CPU.ActiveCfg = Release|Any CPU
		{22846A4B-1805-4F2B-A8D8-5BAFFABD6FF8}.Release|Any CPU.Build.0 = Release|Any CPU
		{3C73DCE7-F3F5-4CB7-BA0E-5F21E1D3B200}.Debug|Any CPU.ActiveCfg = Debug|Any CPU
		{3C73DCE7-F3F5-4CB7-BA0E-5F21E1D3B200}.Debug|Any CPU.Build.0 = Debug|Any CPU
		{3C73DCE7-F3F5-4CB7-BA0E-5F21E1D3B200}.Release|Any CPU.ActiveCfg = Release|Any CPU
		{3C73DCE7-F3F5-4CB7-BA0E-5F21E1D3B200}.Release|Any CPU.Build.0 = Release|Any CPU
	EndGlobalSection
	GlobalSection(SolutionProperties) = preSolution
		HideSolutionNode = FALSE
	EndGlobalSection
	GlobalSection(ExtensibilityGlobals) = postSolution
		SolutionGuid = {F336AD08-9AD9-463E-94DE-6CD531A7695B}
	EndGlobalSection
EndGlobal
